
Microsoft Visual Studio Solution File, Format Version 12.00
# Visual Studio Version 16
VisualStudioVersion = 16.0.28803.156
MinimumVisualStudioVersion = 10.0.40219.1
Project("{FAE04EC0-301F-11D3-BF4B-00C04F79EFBC}") = "BalancedBrackets", "BalancedBrackets\BalancedBrackets.csproj", "{18003FAB-9762-4182-954F-AD3E4D6C0569}"
EndProject
Project("{FAE04EC0-301F-11D3-BF4B-00C04F79EFBC}") = "BalancedBracketsTest", "BalancedBracketsTest\BalancedBracketsTest.csproj", "{1D03E3A0-5506-4BE0-BBF8-FF5FAA20BBB8}"
EndProject
Global
	GlobalSection(SolutionConfigurationPlatforms) = preSolution
		Debug|Any CPU = Debug|Any CPU
		Release|Any CPU = Release|Any CPU
	EndGlobalSection
	GlobalSection(ProjectConfigurationPlatforms) = postSolution
		{18003FAB-9762-4182-954F-AD3E4D6C0569}.Debug|Any CPU.ActiveCfg = Debug|Any CPU
		{18003FAB-9762-4182-954F-AD3E4D6C0569}.Debug|Any CPU.Build.0 = Debug|Any CPU
		{18003FAB-9762-4182-954F-AD3E4D6C0569}.Release|Any CPU.ActiveCfg = Release|Any CPU
		{18003FAB-9762-4182-954F-AD3E4D6C0569}.Release|Any CPU.Build.0 = Release|Any CPU
		{1D03E3A0-5506-4BE0-BBF8-FF5FAA20BBB8}.Debug|Any CPU.ActiveCfg = Debug|Any CPU
		{1D03E3A0-5506-4BE0-BBF8-FF5FAA20BBB8}.Debug|Any CPU.Build.0 = Debug|Any CPU
		{1D03E3A0-5506-4BE0-BBF8-FF5FAA20BBB8}.Release|Any CPU.ActiveCfg = Release|Any CPU
		{1D03E3A0-5506-4BE0-BBF8-FF5FAA20BBB8}.Release|Any CPU.Build.0 = Release|Any CPU
	EndGlobalSection
	GlobalSection(SolutionProperties) = preSolution
		HideSolutionNode = FALSE
	EndGlobalSection
	GlobalSection(ExtensibilityGlobals) = postSolution
		SolutionGuid = {C970DF48-B810-4DF0-B786-D7FF728BE486}
	EndGlobalSection
EndGlobal
